
Microsoft Visual Studio Solution File, Format Version 10.00
# Visual Studio 2008
Project("{8BC9CEB8-8B4A-11D0-8D11-00A0C91BC942}") = "ebc", "..\..\POP\POP.vcproj", "{65300D25-DE55-4DEA-9384-0B10285E13BA}"
EndProject
Project("{8BC9CEB8-8B4A-11D0-8D11-00A0C91BC942}") = "eblogin", "..\..\eblogin\eblogin.vcproj", "{4CC772C9-8109-4C81-A8C2-D818F919669D}"
EndProject
Project("{8BC9CEB8-8B4A-11D0-8D11-00A0C91BC942}") = "libebcm", "..\..\libchatroom\libchatroom.vcproj", "{882951A6-6C8C-4034-A66B-8914690D9924}"
EndProject
Project("{8BC9CEB8-8B4A-11D0-8D11-00A0C91BC942}") = "libebum", "..\..\libpopusermanager\libpopusermanager.vcproj", "{557A8E42-FE79-40F0-88AA-6CCE58BD1205}"
EndProject
Global
	GlobalSection(SolutionConfigurationPlatforms) = preSolution
		Debug|Win32 = Debug|Win32
		Debug|x64 = Debug|x64
		Release|Win32 = Release|Win32
		Release|x64 = Release|x64
	EndGlobalSection
	GlobalSection(ProjectConfigurationPlatforms) = postSolution
		{65300D25-DE55-4DEA-9384-0B10285E13BA}.Debug|Win32.ActiveCfg = Release|Win32
		{65300D25-DE55-4DEA-9384-0B10285E13BA}.Debug|Win32.Build.0 = Release|Win32
		{65300D25-DE55-4DEA-9384-0B10285E13BA}.Debug|x64.ActiveCfg = Debug|Win32
		{65300D25-DE55-4DEA-9384-0B10285E13BA}.Release|Win32.ActiveCfg = Release|Win32
		{65300D25-DE55-4DEA-9384-0B10285E13BA}.Release|Win32.Build.0 = Release|Win32
		{65300D25-DE55-4DEA-9384-0B10285E13BA}.Release|x64.ActiveCfg = Release|Win32
		{4CC772C9-8109-4C81-A8C2-D818F919669D}.Debug|Win32.ActiveCfg = Release|Win32
		{4CC772C9-8109-4C81-A8C2-D818F919669D}.Debug|Win32.Build.0 = Release|Win32
		{4CC772C9-8109-4C81-A8C2-D818F919669D}.Debug|x64.ActiveCfg = Debug|Win32
		{4CC772C9-8109-4C81-A8C2-D818F919669D}.Release|Win32.ActiveCfg = Release|Win32
		{4CC772C9-8109-4C81-A8C2-D818F919669D}.Release|Win32.Build.0 = Release|Win32
		{4CC772C9-8109-4C81-A8C2-D818F919669D}.Release|x64.ActiveCfg = Release|Win32
		{882951A6-6C8C-4034-A66B-8914690D9924}.Debug|Win32.ActiveCfg = Release|Win32
		{882951A6-6C8C-4034-A66B-8914690D9924}.Debug|Win32.Build.0 = Release|Win32
		{882951A6-6C8C-4034-A66B-8914690D9924}.Debug|x64.ActiveCfg = Debug|Win32
		{882951A6-6C8C-4034-A66B-8914690D9924}.Release|Win32.ActiveCfg = Release|Win32
		{882951A6-6C8C-4034-A66B-8914690D9924}.Release|Win32.Build.0 = Release|Win32
		{882951A6-6C8C-4034-A66B-8914690D9924}.Release|x64.ActiveCfg = Release|Win32
		{557A8E42-FE79-40F0-88AA-6CCE58BD1205}.Debug|Win32.ActiveCfg = Release|Win32
		{557A8E42-FE79-40F0-88AA-6CCE58BD1205}.Debug|Win32.Build.0 = Release|Win32
		{557A8E42-FE79-40F0-88AA-6CCE58BD1205}.Debug|x64.ActiveCfg = Debug|Win32
		{557A8E42-FE79-40F0-88AA-6CCE58BD1205}.Release|Win32.ActiveCfg = Release|Win32
		{557A8E42-FE79-40F0-88AA-6CCE58BD1205}.Release|Win32.Build.0 = Release|Win32
		{557A8E42-FE79-40F0-88AA-6CCE58BD1205}.Release|x64.ActiveCfg = Release|Win32
	EndGlobalSection
	GlobalSection(SolutionProperties) = preSolution
		HideSolutionNode = FALSE
	EndGlobalSection
EndGlobal
