Microsoft Visual Studio Solution File, Format Version 10.00
# Visual Studio 2008
Project("{8BC9CEB8-8B4A-11D0-8D11-00A0C91BC942}") = "com", "com.vcproj", "{6D852942-2963-4902-8BC1-8D6F6FD33B82}"
EndProject
Global
	GlobalSection(SolutionConfigurationPlatforms) = preSolution
		Debug|Win32 = Debug|Win32
		Release|Win32 = Release|Win32
	EndGlobalSection
	GlobalSection(ProjectConfigurationPlatforms) = postSolution
		{6D852942-2963-4902-8BC1-8D6F6FD33B82}.Debug|Win32.ActiveCfg = Debug|Win32
		{6D852942-2963-4902-8BC1-8D6F6FD33B82}.Debug|Win32.Build.0 = Debug|Win32
		{6D852942-2963-4902-8BC1-8D6F6FD33B82}.Release|Win32.ActiveCfg = Release|Win32
		{6D852942-2963-4902-8BC1-8D6F6FD33B82}.Release|Win32.Build.0 = Release|Win32
	EndGlobalSection
	GlobalSection(SolutionProperties) = preSolution
		HideSolutionNode = FALSE
	EndGlobalSection
EndGlobal
